
Microsoft Visual Studio Solution File, Format Version 12.00
# Visual Studio Version 17
VisualStudioVersion = 17.8.34525.116
MinimumVisualStudioVersion = 10.0.40219.1
Project("{9A19103F-16F7-4668-BE54-9A1E7A4F7556}") = "CleanArchitectureDDD.API", "CleanArchitectureDDD\CleanArchitectureDDD.API.csproj", "{FFF84331-6A8B-4227-969C-AB1B7BB31B40}"
EndProject
Project("{9A19103F-16F7-4668-BE54-9A1E7A4F7556}") = "CleanArchitectureDDD.Core", "CleanArchitectureDDD.Core\CleanArchitectureDDD.Core.csproj", "{D368F027-8D15-4EDD-949D-EBFDA20EE22A}"
EndProject
Project("{9A19103F-16F7-4668-BE54-9A1E7A4F7556}") = "CleanArchitectureDDD.Infrastructure", "CleanArchitectureDDD.Infrastructure\CleanArchitectureDDD.Infrastructure.csproj", "{70EA20DB-F93E-4ED2-B752-8DF544F73138}"
EndProject
Project("{9A19103F-16F7-4668-BE54-9A1E7A4F7556}") = "CleanArchitectureDDD.App", "CleanArchitectureDDD.App\CleanArchitectureDDD.App.csproj", "{4A91699A-523B-4393-89BF-4B2FF3F6BF87}"
EndProject
Project("{9A19103F-16F7-4668-BE54-9A1E7A4F7556}") = "CleanArchitectureDDD.gRPC", "CleanArchitectureDDD.GRPC\CleanArchitectureDDD.gRPC.csproj", "{3B851496-4E4A-40A3-8639-0677A706774C}"
EndProject
Global
	GlobalSection(SolutionConfigurationPlatforms) = preSolution
		Debug|Any CPU = Debug|Any CPU
		Release|Any CPU = Release|Any CPU
	EndGlobalSection
	GlobalSection(ProjectConfigurationPlatforms) = postSolution
		{FFF84331-6A8B-4227-969C-AB1B7BB31B40}.Debug|Any CPU.ActiveCfg = Debug|Any CPU
		{FFF84331-6A8B-4227-969C-AB1B7BB31B40}.Debug|Any CPU.Build.0 = Debug|Any CPU
		{FFF84331-6A8B-4227-969C-AB1B7BB31B40}.Release|Any CPU.ActiveCfg = Release|Any CPU
		{FFF84331-6A8B-4227-969C-AB1B7BB31B40}.Release|Any CPU.Build.0 = Release|Any CPU
		{D368F027-8D15-4EDD-949D-EBFDA20EE22A}.Debug|Any CPU.ActiveCfg = Debug|Any CPU
		{D368F027-8D15-4EDD-949D-EBFDA20EE22A}.Debug|Any CPU.Build.0 = Debug|Any CPU
		{D368F027-8D15-4EDD-949D-EBFDA20EE22A}.Release|Any CPU.ActiveCfg = Release|Any CPU
		{D368F027-8D15-4EDD-949D-EBFDA20EE22A}.Release|Any CPU.Build.0 = Release|Any CPU
		{70EA20DB-F93E-4ED2-B752-8DF544F73138}.Debug|Any CPU.ActiveCfg = Debug|Any CPU
		{70EA20DB-F93E-4ED2-B752-8DF544F73138}.Debug|Any CPU.Build.0 = Debug|Any CPU
		{70EA20DB-F93E-4ED2-B752-8DF544F73138}.Release|Any CPU.ActiveCfg = Release|Any CPU
		{70EA20DB-F93E-4ED2-B752-8DF544F73138}.Release|Any CPU.Build.0 = Release|Any CPU
		{4A91699A-523B-4393-89BF-4B2FF3F6BF87}.Debug|Any CPU.ActiveCfg = Debug|Any CPU
		{4A91699A-523B-4393-89BF-4B2FF3F6BF87}.Debug|Any CPU.Build.0 = Debug|Any CPU
		{4A91699A-523B-4393-89BF-4B2FF3F6BF87}.Release|Any CPU.ActiveCfg = Release|Any CPU
		{4A91699A-523B-4393-89BF-4B2FF3F6BF87}.Release|Any CPU.Build.0 = Release|Any CPU
		{3B851496-4E4A-40A3-8639-0677A706774C}.Debug|Any CPU.ActiveCfg = Debug|Any CPU
		{3B851496-4E4A-40A3-8639-0677A706774C}.Debug|Any CPU.Build.0 = Debug|Any CPU
		{3B851496-4E4A-40A3-8639-0677A706774C}.Release|Any CPU.ActiveCfg = Release|Any CPU
		{3B851496-4E4A-40A3-8639-0677A706774C}.Release|Any CPU.Build.0 = Release|Any CPU
	EndGlobalSection
	GlobalSection(SolutionProperties) = preSolution
		HideSolutionNode = FALSE
	EndGlobalSection
	GlobalSection(ExtensibilityGlobals) = postSolution
		SolutionGuid = {B526FE22-9E0D-43A7-88D3-0F4406DC4A30}
	EndGlobalSection
EndGlobal
